// !$*UTF8*$!
{
	archiveVersion = 1;
	classes = {
	};
	objectVersion = 77;
	objects = {

/* Begin PBXBuildFile section */
		03843D832FDAD881008BFA8C /* UnityFramework.framework in Frameworks */ = {isa = PBXBuildFile; fileRef = 03843D822FDAD881008BFA8C /* UnityFramework.framework */; };
		03843D852FDAD943008BFA8C /* Data in Resources */ = {isa = PBXBuildFile; fileRef = 03843D842FDAD943008BFA8C /* Data */; };
/* End PBXBuildFile section */

/* Begin PBXContainerItemProxy section */
		032FBC222FD8BD5A0028E7C6 /* PBXContainerItemProxy */ = {
			isa = PBXContainerItemProxy;
			containerPortal = 032FBC0C2FD8BD580028E7C6 /* Project object */;
			proxyType = 1;
			remoteGlobalIDString = 032FBC132FD8BD580028E7C6;
			remoteInfo = iOSUnityBridgeDemo;
		};
		032FBC2C2FD8BD5A0028E7C6 /* PBXContainerItemProxy */ = {
			isa = PBXContainerItemProxy;
			containerPortal = 032FBC0C2FD8BD580028E7C6 /* Project object */;
			proxyType = 1;
			remoteGlobalIDString = 032FBC132FD8BD580028E7C6;
			remoteInfo = iOSUnityBridgeDemo;
		};
/* End PBXContainerItemProxy section */

/* Begin PBXFileReference section */
		032FBC142FD8BD580028E7C6 /* iOSUnityBridgeDemo.app */ = {isa = PBXFileReference; explicitFileType = wrapper.application; includeInIndex = 0; path = iOSUnityBridgeDemo.app; sourceTree = BUILT_PRODUCTS_DIR; };
		032FBC212FD8BD5A0028E7C6 /* iOSUnityBridgeDemoTests.xctest */ = {isa = PBXFileReference; explicitFileType = wrapper.cfbundle; includeInIndex = 0; path = iOSUnityBridgeDemoTests.xctest; sourceTree = BUILT_PRODUCTS_DIR; };
		032FBC2B2FD8BD5A0028E7C6 /* iOSUnityBridgeDemoUITests.xctest */ = {isa = PBXFileReference; explicitFileType = wrapper.cfbundle; includeInIndex = 0; path = iOSUnityBridgeDemoUITests.xctest; sourceTree = BUILT_PRODUCTS_DIR; };
		03843D822FDAD881008BFA8C /* UnityFramework.framework */ = {isa = PBXFileReference; explicitFileType = wrapper.framework; path = UnityFramework.framework; sourceTree = BUILT_PRODUCTS_DIR; };
		03843D842FDAD943008BFA8C /* Data */ = {isa = PBXFileReference; lastKnownFileType = folder; name = Data; path = "../../build/unity-ios-export/Data"; sourceTree = "<group>"; };
/* End PBXFileReference section */

/* Begin PBXFileSystemSynchronizedRootGroup section */
		032FBC162FD8BD580028E7C6 /* iOSUnityBridgeDemo */ = {
			isa = PBXFileSystemSynchronizedRootGroup;
			path = iOSUnityBridgeDemo;
			sourceTree = "<group>";
		};
		032FBC242FD8BD5A0028E7C6 /* iOSUnityBridgeDemoTests */ = {
			isa = PBXFileSystemSynchronizedRootGroup;
			path = iOSUnityBridgeDemoTests;
			sourceTree = "<group>";
		};
		032FBC2E2FD8BD5A0028E7C6 /* iOSUnityBridgeDemoUITests */ = {
			isa = PBXFileSystemSynchronizedRootGroup;
			path = iOSUnityBridgeDemoUITests;
			sourceTree = "<group>";
		};
/* End PBXFileSystemSynchronizedRootGroup section */

/* Begin PBXFrameworksBuildPhase section */
		032FBC112FD8BD580028E7C6 /* Frameworks */ = {
			isa = PBXFrameworksBuildPhase;
			buildActionMask = 2147483647;
			files = (
				03843D832FDAD881008BFA8C /* UnityFramework.framework in Frameworks */,
			);
			runOnlyForDeploymentPostprocessing = 0;
		};
		032FBC1E2FD8BD5A0028E7C6 /* Frameworks */ = {
			isa = PBXFrameworksBuildPhase;
			buildActionMask = 2147483647;
			files = (
			);
			runOnlyForDeploymentPostprocessing = 0;
		};
		032FBC282FD8BD5A0028E7C6 /* Frameworks */ = {
			isa = PBXFrameworksBuildPhase;
			buildActionMask = 2147483647;
			files = (
			);
			runOnlyForDeploymentPostprocessing = 0;
		};
/* End PBXFrameworksBuildPhase section */

/* Begin PBXGroup section */
		032FBC0B2FD8BD580028E7C6 = {
			isa = PBXGroup;
			children = (
				03843D842FDAD943008BFA8C /* Data */,
				032FBC162FD8BD580028E7C6 /* iOSUnityBridgeDemo */,
				032FBC242FD8BD5A0028E7C6 /* iOSUnityBridgeDemoTests */,
				032FBC2E2FD8BD5A0028E7C6 /* iOSUnityBridgeDemoUITests */,
				03843D812FDAD881008BFA8C /* Frameworks */,
				032FBC152FD8BD580028E7C6 /* Products */,
			);
			sourceTree = "<group>";
		};
		032FBC152FD8BD580028E7C6 /* Products */ = {
			isa = PBXGroup;
			children = (
				032FBC142FD8BD580028E7C6 /* iOSUnityBridgeDemo.app */,
				032FBC212FD8BD5A0028E7C6 /* iOSUnityBridgeDemoTests.xctest */,
				032FBC2B2FD8BD5A0028E7C6 /* iOSUnityBridgeDemoUITests.xctest */,
			);
			name = Products;
			sourceTree = "<group>";
		};
		03843D812FDAD881008BFA8C /* Frameworks */ = {
			isa = PBXGroup;
			children = (
				03843D822FDAD881008BFA8C /* UnityFramework.framework */,
			);
			name = Frameworks;
			sourceTree = "<group>";
		};
/* End PBXGroup section */

/* Begin PBXNativeTarget section */
		032FBC132FD8BD580028E7C6 /* iOSUnityBridgeDemo */ = {
			isa = PBXNativeTarget;
			buildConfigurationList = 032FBC352FD8BD5A0028E7C6 /* Build configuration list for PBXNativeTarget "iOSUnityBridgeDemo" */;
			buildPhases = (
				032FBC102FD8BD580028E7C6 /* Sources */,
				032FBC112FD8BD580028E7C6 /* Frameworks */,
				032FBC122FD8BD580028E7C6 /* Resources */,
			);
			buildRules = (
			);
			dependencies = (
			);
			fileSystemSynchronizedGroups = (
				032FBC162FD8BD580028E7C6 /* iOSUnityBridgeDemo */,
			);
			name = iOSUnityBridgeDemo;
			packageProductDependencies = (
			);
			productName = iOSUnityBridgeDemo;
			productReference = 032FBC142FD8BD580028E7C6 /* iOSUnityBridgeDemo.app */;
			productType = "com.apple.product-type.application";
		};
		032FBC202FD8BD5A0028E7C6 /* iOSUnityBridgeDemoTests */ = {
			isa = PBXNativeTarget;
			buildConfigurationList = 032FBC382FD8BD5A0028E7C6 /* Build configuration list for PBXNativeTarget "iOSUnityBridgeDemoTests" */;
			buildPhases = (
				032FBC1D2FD8BD5A0028E7C6 /* Sources */,
				032FBC1E2FD8BD5A0028E7C6 /* Frameworks */,
				032FBC1F2FD8BD5A0028E7C6 /* Resources */,
			);
			buildRules = (
			);
			dependencies = (
				032FBC232FD8BD5A0028E7C6 /* PBXTargetDependency */,
			);
			fileSystemSynchronizedGroups = (
				032FBC242FD8BD5A0028E7C6 /* iOSUnityBridgeDemoTests */,
			);
			name = iOSUnityBridgeDemoTests;
			packageProductDependencies = (
			);
			productName = iOSUnityBridgeDemoTests;
			productReference = 032FBC212FD8BD5A0028E7C6 /* iOSUnityBridgeDemoTests.xctest */;
			productType = "com.apple.product-type.bundle.unit-test";
		};
		032FBC2A2FD8BD5A0028E7C6 /* iOSUnityBridgeDemoUITests */ = {
			isa = PBXNativeTarget;
			buildConfigurationList = 032FBC3B2FD8BD5A0028E7C6 /* Build configuration list for PBXNativeTarget "iOSUnityBridgeDemoUITests" */;
			buildPhases = (
				032FBC272FD8BD5A0028E7C6 /* Sources */,
				032FBC282FD8BD5A0028E7C6 /* Frameworks */,
				032FBC292FD8BD5A0028E7C6 /* Resources */,
			);
			buildRules = (
			);
			dependencies = (
				032FBC2D2FD8BD5A0028E7C6 /* PBXTargetDependency */,
			);
			fileSystemSynchronizedGroups = (
				032FBC2E2FD8BD5A0028E7C6 /* iOSUnityBridgeDemoUITests */,
			);
			name = iOSUnityBridgeDemoUITests;
			packageProductDependencies = (
			);
			productName = iOSUnityBridgeDemoUITests;
			productReference = 032FBC2B2FD8BD5A0028E7C6 /* iOSUnityBridgeDemoUITests.xctest */;
			productType = "com.apple.product-type.bundle.ui-testing";
		};
/* End PBXNativeTarget section */

/* Begin PBXProject section */
		032FBC0C2FD8BD580028E7C6 /* Project object */ = {
			isa = PBXProject;
			attributes = {
				BuildIndependentTargetsInParallel = 1;
				LastSwiftUpdateCheck = 1630;
				LastUpgradeCheck = 1630;
				TargetAttributes = {
					032FBC132FD8BD580028E7C6 = {
						CreatedOnToolsVersion = 16.3;
					};
					032FBC202FD8BD5A0028E7C6 = {
						CreatedOnToolsVersion = 16.3;
						TestTargetID = 032FBC132FD8BD580028E7C6;
					};
					032FBC2A2FD8BD5A0028E7C6 = {
						CreatedOnToolsVersion = 16.3;
						TestTargetID = 032FBC132FD8BD580028E7C6;
					};
				};
			};
			buildConfigurationList = 032FBC0F2FD8BD580028E7C6 /* Build configuration list for PBXProject "iOSUnityBridgeDemo" */;
			developmentRegion = en;
			hasScannedForEncodings = 0;
			knownRegions = (
				en,
				Base,
			);
			mainGroup = 032FBC0B2FD8BD580028E7C6;
			minimizedProjectReferenceProxies = 1;
			preferredProjectObjectVersion = 77;
			productRefGroup = 032FBC152FD8BD580028E7C6 /* Products */;
			projectDirPath = "";
			projectRoot = "";
			targets = (
				032FBC132FD8BD580028E7C6 /* iOSUnityBridgeDemo */,
				032FBC202FD8BD5A0028E7C6 /* iOSUnityBridgeDemoTests */,
				032FBC2A2FD8BD5A0028E7C6 /* iOSUnityBridgeDemoUITests */,
			);
		};
/* End PBXProject section */

/* Begin PBXResourcesBuildPhase section */
		032FBC122FD8BD580028E7C6 /* Resources */ = {
			isa = PBXResourcesBuildPhase;
			buildActionMask = 2147483647;
			files = (
				03843D852FDAD943008BFA8C /* Data in Resources */,
			);
			runOnlyForDeploymentPostprocessing = 0;
		};
		032FBC1F2FD8BD5A0028E7C6 /* Resources */ = {
			isa = PBXResourcesBuildPhase;
			buildActionMask = 2147483647;
			files = (
			);
			runOnlyForDeploymentPostprocessing = 0;
		};
		032FBC292FD8BD5A0028E7C6 /* Resources */ = {
			isa = PBXResourcesBuildPhase;
			buildActionMask = 2147483647;
			files = (
			);
			runOnlyForDeploymentPostprocessing = 0;
		};
/* End PBXResourcesBuildPhase section */

/* Begin PBXSourcesBuildPhase section */
		032FBC102FD8BD580028E7C6 /* Sources */ = {
			isa = PBXSourcesBuildPhase;
			buildActionMask = 2147483647;
			files = (
			);
			runOnlyForDeploymentPostprocessing = 0;
		};
		032FBC1D2FD8BD5A0028E7C6 /* Sources */ = {
			isa = PBXSourcesBuildPhase;
			buildActionMask = 2147483647;
			files = (
			);
			runOnlyForDeploymentPostprocessing = 0;
		};
		032FBC272FD8BD5A0028E7C6 /* Sources */ = {
			isa = PBXSourcesBuildPhase;
			buildActionMask = 2147483647;
			files = (
			);
			runOnlyForDeploymentPostprocessing = 0;
		};
/* End PBXSourcesBuildPhase section */

/* Begin PBXTargetDependency section */
		032FBC232FD8BD5A0028E7C6 /* PBXTargetDependency */ = {
			isa = PBXTargetDependency;
			target = 032FBC132FD8BD580028E7C6 /* iOSUnityBridgeDemo */;
			targetProxy = 032FBC222FD8BD5A0028E7C6 /* PBXContainerItemProxy */;
		};
		032FBC2D2FD8BD5A0028E7C6 /* PBXTargetDependency */ = {
			isa = PBXTargetDependency;
			target = 032FBC132FD8BD580028E7C6 /* iOSUnityBridgeDemo */;
			targetProxy = 032FBC2C2FD8BD5A0028E7C6 /* PBXContainerItemProxy */;
		};
/* End PBXTargetDependency section */

/* Begin XCBuildConfiguration section */
		032FBC332FD8BD5A0028E7C6 /* Debug */ = {
			isa = XCBuildConfiguration;
			buildSettings = {
				ALWAYS_SEARCH_USER_PATHS = NO;
				ASSETCATALOG_COMPILER_GENERATE_SWIFT_ASSET_SYMBOL_EXTENSIONS = YES;
				CLANG_ANALYZER_NONNULL = YES;
				CLANG_ANALYZER_NUMBER_OBJECT_CONVERSION = YES_AGGRESSIVE;
				CLANG_CXX_LANGUAGE_STANDARD = "gnu++20";
				CLANG_ENABLE_MODULES = YES;
				CLANG_ENABLE_OBJC_ARC = YES;
				CLANG_ENABLE_OBJC_WEAK = YES;
				CLANG_WARN_BLOCK_CAPTURE_AUTORELEASING = YES;
				CLANG_WARN_BOOL_CONVERSION = YES;
				CLANG_WARN_COMMA = YES;
				CLANG_WARN_CONSTANT_CONVERSION = YES;
				CLANG_WARN_DEPRECATED_OBJC_IMPLEMENTATIONS = YES;
				CLANG_WARN_DIRECT_OBJC_ISA_USAGE = YES_ERROR;
				CLANG_WARN_DOCUMENTATION_COMMENTS = YES;
				CLANG_WARN_EMPTY_BODY = YES;
				CLANG_WARN_ENUM_CONVERSION = YES;
				CLANG_WARN_INFINITE_RECURSION = YES;
				CLANG_WARN_INT_CONVERSION = YES;
				CLANG_WARN_NON_LITERAL_NULL_CONVERSION = YES;
				CLANG_WARN_OBJC_IMPLICIT_RETAIN_SELF = YES;
				CLANG_WARN_OBJC_LITERAL_CONVERSION = YES;
				CLANG_WARN_OBJC_ROOT_CLASS = YES_ERROR;
				CLANG_WARN_QUOTED_INCLUDE_IN_FRAMEWORK_HEADER = YES;
				CLANG_WARN_RANGE_LOOP_ANALYSIS = YES;
				CLANG_WARN_STRICT_PROTOTYPES = YES;
				CLANG_WARN_SUSPICIOUS_MOVE = YES;
				CLANG_WARN_UNGUARDED_AVAILABILITY = YES_AGGRESSIVE;
				CLANG_WARN_UNREACHABLE_CODE = YES;
				CLANG_WARN__DUPLICATE_METHOD_MATCH = YES;
				COPY_PHASE_STRIP = NO;
				DEBUG_INFORMATION_FORMAT = dwarf;
				DEVELOPMENT_TEAM = QUFDSU77H7;
				ENABLE_STRICT_OBJC_MSGSEND = YES;
				ENABLE_TESTABILITY = YES;
				ENABLE_USER_SCRIPT_SANDBOXING = YES;
				GCC_C_LANGUAGE_STANDARD = gnu17;
				GCC_DYNAMIC_NO_PIC = NO;
				GCC_NO_COMMON_BLOCKS = YES;
				GCC_OPTIMIZATION_LEVEL = 0;
				GCC_PREPROCESSOR_DEFINITIONS = (
					"DEBUG=1",
					"$(inherited)",
				);
				GCC_WARN_64_TO_32_BIT_CONVERSION = YES;
				GCC_WARN_ABOUT_RETURN_TYPE = YES_ERROR;
				GCC_WARN_UNDECLARED_SELECTOR = YES;
				GCC_WARN_UNINITIALIZED_AUTOS = YES_AGGRESSIVE;
				GCC_WARN_UNUSED_FUNCTION = YES;
				GCC_WARN_UNUSED_VARIABLE = YES;
				IPHONEOS_DEPLOYMENT_TARGET = 18.4;
				LOCALIZATION_PREFERS_STRING_CATALOGS = YES;
				MTL_ENABLE_DEBUG_INFO = INCLUDE_SOURCE;
				MTL_FAST_MATH = YES;
				ONLY_ACTIVE_ARCH = YES;
				SDKROOT = iphoneos;
				SWIFT_ACTIVE_COMPILATION_CONDITIONS = "DEBUG $(inherited)";
				SWIFT_OPTIMIZATION_LEVEL = "-Onone";
			};
			name = Debug;
		};
		032FBC342FD8BD5A0028E7C6 /* Release */ = {
			isa = XCBuildConfiguration;
			buildSettings = {
				ALWAYS_SEARCH_USER_PATHS = NO;
				ASSETCATALOG_COMPILER_GENERATE_SWIFT_ASSET_SYMBOL_EXTENSIONS = YES;
				CLANG_ANALYZER_NONNULL = YES;
				CLANG_ANALYZER_NUMBER_OBJECT_CONVERSION = YES_AGGRESSIVE;
				CLANG_CXX_LANGUAGE_STANDARD = "gnu++20";
				CLANG_ENABLE_MODULES = YES;
				CLANG_ENABLE_OBJC_ARC = YES;
				CLANG_ENABLE_OBJC_WEAK = YES;
				CLANG_WARN_BLOCK_CAPTURE_AUTORELEASING = YES;
				CLANG_WARN_BOOL_CONVERSION = YES;
				CLANG_WARN_COMMA = YES;
				CLANG_WARN_CONSTANT_CONVERSION = YES;
				CLANG_WARN_DEPRECATED_OBJC_IMPLEMENTATIONS = YES;
				CLANG_WARN_DIRECT_OBJC_ISA_USAGE = YES_ERROR;
				CLANG_WARN_DOCUMENTATION_COMMENTS = YES;
				CLANG_WARN_EMPTY_BODY = YES;
				CLANG_WARN_ENUM_CONVERSION = YES;
				CLANG_WARN_INFINITE_RECURSION = YES;
				CLANG_WARN_INT_CONVERSION = YES;
				CLANG_WARN_NON_LITERAL_NULL_CONVERSION = YES;
				CLANG_WARN_OBJC_IMPLICIT_RETAIN_SELF = YES;
				CLANG_WARN_OBJC_LITERAL_CONVERSION = YES;
				CLANG_WARN_OBJC_ROOT_CLASS = YES_ERROR;
				CLANG_WARN_QUOTED_INCLUDE_IN_FRAMEWORK_HEADER = YES;
				CLANG_WARN_RANGE_LOOP_ANALYSIS = YES;
				CLANG_WARN_STRICT_PROTOTYPES = YES;
				CLANG_WARN_SUSPICIOUS_MOVE = YES;
				CLANG_WARN_UNGUARDED_AVAILABILITY = YES_AGGRESSIVE;
				CLANG_WARN_UNREACHABLE_CODE = YES;
				CLANG_WARN__DUPLICATE_METHOD_MATCH = YES;
				COPY_PHASE_STRIP = NO;
				DEBUG_INFORMATION_FORMAT = "dwarf-with-dsym";
				DEVELOPMENT_TEAM = QUFDSU77H7;
				ENABLE_NS_ASSERTIONS = NO;
				ENABLE_STRICT_OBJC_MSGSEND = YES;
				ENABLE_USER_SCRIPT_SANDBOXING = YES;
				GCC_C_LANGUAGE_STANDARD = gnu17;
				GCC_NO_COMMON_BLOCKS = YES;
				GCC_WARN_64_TO_32_BIT_CONVERSION = YES;
				GCC_WARN_ABOUT_RETURN_TYPE = YES_ERROR;
				GCC_WARN_UNDECLARED_SELECTOR = YES;
				GCC_WARN_UNINITIALIZED_AUTOS = YES_AGGRESSIVE;
				GCC_WARN_UNUSED_FUNCTION = YES;
				GCC_WARN_UNUSED_VARIABLE = YES;
				IPHONEOS_DEPLOYMENT_TARGET = 18.4;
				LOCALIZATION_PREFERS_STRING_CATALOGS = YES;
				MTL_ENABLE_DEBUG_INFO = NO;
				MTL_FAST_MATH = YES;
				SDKROOT = iphoneos;
				SWIFT_COMPILATION_MODE = wholemodule;
				VALIDATE_PRODUCT = YES;
			};
			name = Release;
		};
		032FBC362FD8BD5A0028E7C6 /* Debug */ = {
			isa = XCBuildConfiguration;
			buildSettings = {
				ASSETCATALOG_COMPILER_APPICON_NAME = AppIcon;
				ASSETCATALOG_COMPILER_GLOBAL_ACCENT_COLOR_NAME = AccentColor;
				CODE_SIGN_STYLE = Automatic;
				CURRENT_PROJECT_VERSION = 1;
				DEVELOPMENT_TEAM = QUFDSU77H7;
				ENABLE_PREVIEWS = YES;
				GENERATE_INFOPLIST_FILE = YES;
				INFOPLIST_KEY_UIApplicationSceneManifest_Generation = YES;
				INFOPLIST_KEY_UIApplicationSupportsIndirectInputEvents = YES;
				INFOPLIST_KEY_UILaunchScreen_Generation = YES;
				INFOPLIST_KEY_UISupportedInterfaceOrientations_iPad = "UIInterfaceOrientationPortrait UIInterfaceOrientationPortraitUpsideDown UIInterfaceOrientationLandscapeLeft UIInterfaceOrientationLandscapeRight";
				INFOPLIST_KEY_UISupportedInterfaceOrientations_iPhone = "UIInterfaceOrientationPortrait UIInterfaceOrientationLandscapeLeft UIInterfaceOrientationLandscapeRight";
				IPHONEOS_DEPLOYMENT_TARGET = 17.6;
				LD_RUNPATH_SEARCH_PATHS = (
					"$(inherited)",
					"@executable_path/Frameworks",
				);
				MARKETING_VERSION = 1.0;
				PRODUCT_BUNDLE_IDENTIFIER = com.roberto.iOSUnityBridgeDemo;
				PRODUCT_NAME = "$(TARGET_NAME)";
				SWIFT_EMIT_LOC_STRINGS = YES;
				SWIFT_VERSION = 5.0;
				TARGETED_DEVICE_FAMILY = "1,2";
			};
			name = Debug;
		};
		032FBC372FD8BD5A0028E7C6 /* Release */ = {
			isa = XCBuildConfiguration;
			buildSettings = {
				ASSETCATALOG_COMPILER_APPICON_NAME = AppIcon;
				ASSETCATALOG_COMPILER_GLOBAL_ACCENT_COLOR_NAME = AccentColor;
				CODE_SIGN_STYLE = Automatic;
				CURRENT_PROJECT_VERSION = 1;
				DEVELOPMENT_TEAM = QUFDSU77H7;
				ENABLE_PREVIEWS = YES;
				GENERATE_INFOPLIST_FILE = YES;
				INFOPLIST_KEY_UIApplicationSceneManifest_Generation = YES;
				INFOPLIST_KEY_UIApplicationSupportsIndirectInputEvents = YES;
				INFOPLIST_KEY_UILaunchScreen_Generation = YES;
				INFOPLIST_KEY_UISupportedInterfaceOrientations_iPad = "UIInterfaceOrientationPortrait UIInterfaceOrientationPortraitUpsideDown UIInterfaceOrientationLandscapeLeft UIInterfaceOrientationLandscapeRight";
				INFOPLIST_KEY_UISupportedInterfaceOrientations_iPhone = "UIInterfaceOrientationPortrait UIInterfaceOrientationLandscapeLeft UIInterfaceOrientationLandscapeRight";
				IPHONEOS_DEPLOYMENT_TARGET = 17.6;
				LD_RUNPATH_SEARCH_PATHS = (
					"$(inherited)",
					"@executable_path/Frameworks",
				);
				MARKETING_VERSION = 1.0;
				PRODUCT_BUNDLE_IDENTIFIER = com.roberto.iOSUnityBridgeDemo;
				PRODUCT_NAME = "$(TARGET_NAME)";
				SWIFT_EMIT_LOC_STRINGS = YES;
				SWIFT_VERSION = 5.0;
				TARGETED_DEVICE_FAMILY = "1,2";
			};
			name = Release;
		};
		032FBC392FD8BD5A0028E7C6 /* Debug */ = {
			isa = XCBuildConfiguration;
			buildSettings = {
				BUNDLE_LOADER = "$(TEST_HOST)";
				CODE_SIGN_STYLE = Automatic;
				CURRENT_PROJECT_VERSION = 1;
				DEVELOPMENT_TEAM = QUFDSU77H7;
				GENERATE_INFOPLIST_FILE = YES;
				IPHONEOS_DEPLOYMENT_TARGET = 18.4;
				MARKETING_VERSION = 1.0;
				PRODUCT_BUNDLE_IDENTIFIER = com.roberto.iOSUnityBridgeDemoTests;
				PRODUCT_NAME = "$(TARGET_NAME)";
				SWIFT_EMIT_LOC_STRINGS = NO;
				SWIFT_VERSION = 5.0;
				TARGETED_DEVICE_FAMILY = "1,2";
				TEST_HOST = "$(BUILT_PRODUCTS_DIR)/iOSUnityBridgeDemo.app/$(BUNDLE_EXECUTABLE_FOLDER_PATH)/iOSUnityBridgeDemo";
			};
			name = Debug;
		};
		032FBC3A2FD8BD5A0028E7C6 /* Release */ = {
			isa = XCBuildConfiguration;
			buildSettings = {
				BUNDLE_LOADER = "$(TEST_HOST)";
				CODE_SIGN_STYLE = Automatic;
				CURRENT_PROJECT_VERSION = 1;
				DEVELOPMENT_TEAM = QUFDSU77H7;
				GENERATE_INFOPLIST_FILE = YES;
				IPHONEOS_DEPLOYMENT_TARGET = 18.4;
				MARKETING_VERSION = 1.0;
				PRODUCT_BUNDLE_IDENTIFIER = com.roberto.iOSUnityBridgeDemoTests;
				PRODUCT_NAME = "$(TARGET_NAME)";
				SWIFT_EMIT_LOC_STRINGS = NO;
				SWIFT_VERSION = 5.0;
				TARGETED_DEVICE_FAMILY = "1,2";
				TEST_HOST = "$(BUILT_PRODUCTS_DIR)/iOSUnityBridgeDemo.app/$(BUNDLE_EXECUTABLE_FOLDER_PATH)/iOSUnityBridgeDemo";
			};
			name = Release;
		};
		032FBC3C2FD8BD5A0028E7C6 /* Debug */ = {
			isa = XCBuildConfiguration;
			buildSettings = {
				CODE_SIGN_STYLE = Automatic;
				CURRENT_PROJECT_VERSION = 1;
				DEVELOPMENT_TEAM = QUFDSU77H7;
				GENERATE_INFOPLIST_FILE = YES;
				MARKETING_VERSION = 1.0;
				PRODUCT_BUNDLE_IDENTIFIER = com.roberto.iOSUnityBridgeDemoUITests;
				PRODUCT_NAME = "$(TARGET_NAME)";
				SWIFT_EMIT_LOC_STRINGS = NO;
				SWIFT_VERSION = 5.0;
				TARGETED_DEVICE_FAMILY = "1,2";
				TEST_TARGET_NAME = iOSUnityBridgeDemo;
			};
			name = Debug;
		};
		032FBC3D2FD8BD5A0028E7C6 /* Release */ = {
			isa = XCBuildConfiguration;
			buildSettings = {
				CODE_SIGN_STYLE = Automatic;
				CURRENT_PROJECT_VERSION = 1;
				DEVELOPMENT_TEAM = QUFDSU77H7;
				GENERATE_INFOPLIST_FILE = YES;
				MARKETING_VERSION = 1.0;
				PRODUCT_BUNDLE_IDENTIFIER = com.roberto.iOSUnityBridgeDemoUITests;
				PRODUCT_NAME = "$(TARGET_NAME)";
				SWIFT_EMIT_LOC_STRINGS = NO;
				SWIFT_VERSION = 5.0;
				TARGETED_DEVICE_FAMILY = "1,2";
				TEST_TARGET_NAME = iOSUnityBridgeDemo;
			};
			name = Release;
		};
/* End XCBuildConfiguration section */

/* Begin XCConfigurationList section */
		032FBC0F2FD8BD580028E7C6 /* Build configuration list for PBXProject "iOSUnityBridgeDemo" */ = {
			isa = XCConfigurationList;
			buildConfigurations = (
				032FBC332FD8BD5A0028E7C6 /* Debug */,
				032FBC342FD8BD5A0028E7C6 /* Release */,
			);
			defaultConfigurationIsVisible = 0;
			defaultConfigurationName = Release;
		};
		032FBC352FD8BD5A0028E7C6 /* Build configuration list for PBXNativeTarget "iOSUnityBridgeDemo" */ = {
			isa = XCConfigurationList;
			buildConfigurations = (
				032FBC362FD8BD5A0028E7C6 /* Debug */,
				032FBC372FD8BD5A0028E7C6 /* Release */,
			);
			defaultConfigurationIsVisible = 0;
			defaultConfigurationName = Release;
		};
		032FBC382FD8BD5A0028E7C6 /* Build configuration list for PBXNativeTarget "iOSUnityBridgeDemoTests" */ = {
			isa = XCConfigurationList;
			buildConfigurations = (
				032FBC392FD8BD5A0028E7C6 /* Debug */,
				032FBC3A2FD8BD5A0028E7C6 /* Release */,
			);
			defaultConfigurationIsVisible = 0;
			defaultConfigurationName = Release;
		};
		032FBC3B2FD8BD5A0028E7C6 /* Build configuration list for PBXNativeTarget "iOSUnityBridgeDemoUITests" */ = {
			isa = XCConfigurationList;
			buildConfigurations = (
				032FBC3C2FD8BD5A0028E7C6 /* Debug */,
				032FBC3D2FD8BD5A0028E7C6 /* Release */,
			);
			defaultConfigurationIsVisible = 0;
			defaultConfigurationName = Release;
		};
/* End XCConfigurationList section */
	};
	rootObject = 032FBC0C2FD8BD580028E7C6 /* Project object */;
}
